
Microsoft Visual Studio Solution File, Format Version 12.00
# Visual Studio Version 17
VisualStudioVersion = 17.8.34309.116
MinimumVisualStudioVersion = 10.0.40219.1
Project("{FAE04EC0-301F-11D3-BF4B-00C04F79EFBC}") = "praktika_demo", "praktika_demo\praktika_demo.csproj", "{A1F60B3D-F5A0-4E74-A30F-3D6BC29E1E92}"
EndProject
Global
	GlobalSection(SolutionConfigurationPlatforms) = preSolution
		Debug|Any CPU = Debug|Any CPU
		Release|Any CPU = Release|Any CPU
	EndGlobalSection
	GlobalSection(ProjectConfigurationPlatforms) = postSolution
		{A1F60B3D-F5A0-4E74-A30F-3D6BC29E1E92}.Debug|Any CPU.ActiveCfg = Debug|Any CPU
		{A1F60B3D-F5A0-4E74-A30F-3D6BC29E1E92}.Debug|Any CPU.Build.0 = Debug|Any CPU
		{A1F60B3D-F5A0-4E74-A30F-3D6BC29E1E92}.Release|Any CPU.ActiveCfg = Release|Any CPU
		{A1F60B3D-F5A0-4E74-A30F-3D6BC29E1E92}.Release|Any CPU.Build.0 = Release|Any CPU
	EndGlobalSection
	GlobalSection(SolutionProperties) = preSolution
		HideSolutionNode = FALSE
	EndGlobalSection
	GlobalSection(ExtensibilityGlobals) = postSolution
		SolutionGuid = {0E781D2A-FEF6-4E9D-A173-055ABC33374B}
	EndGlobalSection
EndGlobal
